
Microsoft Visual Studio Solution File, Format Version 12.00
# Visual Studio 15
VisualStudioVersion = 15.0.28010.2048
MinimumVisualStudioVersion = 10.0.40219.1
Project("{FAE04EC0-301F-11D3-BF4B-00C04F79EFBC}") = "WpfApp3", "WpfApp3\WpfApp3.csproj", "{45088374-04CA-435C-9A54-9EDF0364BB5A}"
EndProject
Global
	GlobalSection(SolutionConfigurationPlatforms) = preSolution
		Debug|Any CPU = Debug|Any CPU
		Release|Any CPU = Release|Any CPU
	EndGlobalSection
	GlobalSection(ProjectConfigurationPlatforms) = postSolution
		{45088374-04CA-435C-9A54-9EDF0364BB5A}.Debug|Any CPU.ActiveCfg = Debug|Any CPU
		{45088374-04CA-435C-9A54-9EDF0364BB5A}.Debug|Any CPU.Build.0 = Debug|Any CPU
		{45088374-04CA-435C-9A54-9EDF0364BB5A}.Release|Any CPU.ActiveCfg = Release|Any CPU
		{45088374-04CA-435C-9A54-9EDF0364BB5A}.Release|Any CPU.Build.0 = Release|Any CPU
	EndGlobalSection
	GlobalSection(SolutionProperties) = preSolution
		HideSolutionNode = FALSE
	EndGlobalSection
	GlobalSection(ExtensibilityGlobals) = postSolution
		SolutionGuid = {FD309994-78B9-47B7-930D-E4471EEF6CC7}
	EndGlobalSection
EndGlobal
